Microsoft Visual Studio Solution File, Format Version 12.00
# Visual Studio 2012
Project("{8BC9CEB8-8B4A-11D0-8D11-00A0C91BC942}") = "VirtualMachine", "VirualMachine\VirualMachine.vcxproj", "{5AD3E299-9451-4D7E-B1A4-0693AE600112}"
EndProject
Project("{8BC9CEB8-8B4A-11D0-8D11-00A0C91BC942}") = "VirtualMachineTests", "VirualMachineTests\VirualMachineTests.vcxproj", "{87C3F7B3-E13F-44F3-8FB9-92F9C6EB20D5}"
	ProjectSection(ProjectDependencies) = postProject
		{5AD3E299-9451-4D7E-B1A4-0693AE600112} = {5AD3E299-9451-4D7E-B1A4-0693AE600112}
	EndProjectSection
EndProject
Global
	GlobalSection(SolutionConfigurationPlatforms) = preSolution
		VM - Debug|Win32 = VM - Debug|Win32
		VM - Release|Win32 = VM - Release|Win32
	EndGlobalSection
	GlobalSection(ProjectConfigurationPlatforms) = postSolution
		{5AD3E299-9451-4D7E-B1A4-0693AE600112}.VM - Debug|Win32.ActiveCfg = EXE – Debug|Win32
		{5AD3E299-9451-4D7E-B1A4-0693AE600112}.VM - Debug|Win32.Build.0 = EXE – Debug|Win32
		{5AD3E299-9451-4D7E-B1A4-0693AE600112}.VM - Release|Win32.ActiveCfg = EXE – Release|Win32
		{5AD3E299-9451-4D7E-B1A4-0693AE600112}.VM - Release|Win32.Build.0 = EXE – Release|Win32
		{5AD3E299-9451-4D7E-B1A4-0693AE600112}.VM - Release|Win32.Deploy.0 = EXE – Release|Win32
		{87C3F7B3-E13F-44F3-8FB9-92F9C6EB20D5}.VM - Debug|Win32.ActiveCfg = Debug|Win32
		{87C3F7B3-E13F-44F3-8FB9-92F9C6EB20D5}.VM - Release|Win32.ActiveCfg = Release|Win32
	EndGlobalSection
	GlobalSection(SolutionProperties) = preSolution
		HideSolutionNode = FALSE
	EndGlobalSection
EndGlobal
