<?xml version="1.0" encoding="utf-8"?>
<Project ToolsVersion="4.0" xmlns="http://schemas.microsoft.com/developer/msbuild/2003">
  <ItemGroup>
    <Filter Include="Source Files">
      <UniqueIdentifier>{4FC737F1-C7A5-4376-A066-2A32D752A2FF}</UniqueIdentifier>
      <Extensions>cpp;c;cc;cxx;def;odl;idl;hpj;bat;asm;asmx</Extensions>
    </Filter>
    <Filter Include="Header Files">
      <UniqueIdentifier>{93995380-89BD-4b04-88EB-625FBE52EBFB}</UniqueIdentifier>
      <Extensions>h;hpp;hxx;hm;inl;inc;xsd</Extensions>
    </Filter>
    <Filter Include="Resource Files">
      <UniqueIdentifier>{67DA6AB6-F800-4c08-8B7A-83BB121AAD01}</UniqueIdentifier>
      <Extensions>rc;ico;cur;bmp;dlg;rc2;rct;bin;rgs;gif;jpg;jpeg;jpe;resx;tiff;tif;png;wav;mfcribbon-ms</Extensions>
    </Filter>
    <Filter Include="bison">
      <UniqueIdentifier>{267a476b-d230-4746-ab4f-6b5612131c07}</UniqueIdentifier>
    </Filter>
    <Filter Include="flex">
      <UniqueIdentifier>{7bad4598-e5fb-4c57-adf6-9148db30eb1b}</UniqueIdentifier>
    </Filter>
    <Filter Include="Header Files\AST">
      <UniqueIdentifier>{0a9f5954-90b5-480e-9ce0-426576286933}</UniqueIdentifier>
    </Filter>
    <Filter Include="Source Files\AST">
      <UniqueIdentifier>{1bfd8ef7-fdce-48dc-8763-9911af5abd6d}</UniqueIdentifier>
    </Filter>
    <Filter Include="Header Files\SemanticAnalysis">
      <UniqueIdentifier>{be495362-6974-409b-be4d-0363f985cf80}</UniqueIdentifier>
    </Filter>
    <Filter Include="Source Files\SemanticAnalysis">
      <UniqueIdentifier>{868cd481-0236-424b-a6a6-7104fe5e7b30}</UniqueIdentifier>
    </Filter>
    <Filter Include="Header Files\CodeGeneration">
      <UniqueIdentifier>{9a8f07f8-4554-4007-9287-8a0dec45e055}</UniqueIdentifier>
    </Filter>
    <Filter Include="Source Files\CodeGeneration">
      <UniqueIdentifier>{214bbfd3-a8f7-46f3-b15c-c1c739cd1865}</UniqueIdentifier>
    </Filter>
  </ItemGroup>
  <ItemGroup>
    <None Include="beerlang.l">
      <Filter>flex</Filter>
    </None>
    <None Include="beerlang.y">
      <Filter>bison</Filter>
    </None>
  </ItemGroup>
  <ItemGroup>
    <ClInclude Include="beerlang.tab.hpp">
      <Filter>Header Files</Filter>
    </ClInclude>
    <ClInclude Include="stdafx.h">
      <Filter>Header Files</Filter>
    </ClInclude>
    <ClInclude Include="ConstantNode.h">
      <Filter>Header Files\AST</Filter>
    </ClInclude>
    <ClInclude Include="IntegerConstantNode.h">
      <Filter>Header Files\AST</Filter>
    </ClInclude>
    <ClInclude Include="Node.h">
      <Filter>Header Files\AST</Filter>
    </ClInclude>
    <ClInclude Include="VariableDefinitionNode.h">
      <Filter>Header Files\AST</Filter>
    </ClInclude>
    <ClInclude Include="VariableDeclarationNode.h">
      <Filter>Header Files\AST</Filter>
    </ClInclude>
    <ClInclude Include="BooleanConstantNode.h">
      <Filter>Header Files\AST</Filter>
    </ClInclude>
    <ClInclude Include="NodeVisitor.h">
      <Filter>Header Files\AST</Filter>
    </ClInclude>
    <ClInclude Include="PrinterVisitor.h">
      <Filter>Header Files\AST</Filter>
    </ClInclude>
    <ClInclude Include="CharacterConstantNode.h">
      <Filter>Header Files\AST</Filter>
    </ClInclude>
    <ClInclude Include="StringConstantNode.h">
      <Filter>Header Files\AST</Filter>
    </ClInclude>
    <ClInclude Include="ClassDefinitionNode.h">
      <Filter>Header Files\AST</Filter>
    </ClInclude>
    <ClInclude Include="SectionNode.h">
      <Filter>Header Files\AST</Filter>
    </ClInclude>
    <ClInclude Include="DataSectionNode.h">
      <Filter>Header Files\AST</Filter>
    </ClInclude>
    <ClInclude Include="EventsSectionNode.h">
      <Filter>Header Files\AST</Filter>
    </ClInclude>
    <ClInclude Include="InterfaceSectionNode.h">
      <Filter>Header Files\AST</Filter>
    </ClInclude>
    <ClInclude Include="ProtectedSectionNode.h">
      <Filter>Header Files\AST</Filter>
    </ClInclude>
    <ClInclude Include="MethodDefinitionNode.h">
      <Filter>Header Files\AST</Filter>
    </ClInclude>
    <ClInclude Include="StatementNode.h">
      <Filter>Header Files\AST</Filter>
    </ClInclude>
    <ClInclude Include="ExpressionNode.h">
      <Filter>Header Files\AST</Filter>
    </ClInclude>
    <ClInclude Include="MethodCallNode.h">
      <Filter>Header Files\AST</Filter>
    </ClInclude>
    <ClInclude Include="PropertyCallNode.h">
      <Filter>Header Files\AST</Filter>
    </ClInclude>
    <ClInclude Include="ConstructorCallNode.h">
      <Filter>Header Files\AST</Filter>
    </ClInclude>
    <ClInclude Include="ReturnNode.h">
      <Filter>Header Files\AST</Filter>
    </ClInclude>
    <ClInclude Include="ProgramNode.h">
      <Filter>Header Files\AST</Filter>
    </ClInclude>
    <ClInclude Include="SemanticAnalyser.h">
      <Filter>Header Files\SemanticAnalysis</Filter>
    </ClInclude>
    <ClInclude Include="ProgramInfo.h">
      <Filter>Header Files\SemanticAnalysis</Filter>
    </ClInclude>
    <ClInclude Include="Output.h">
      <Filter>Header Files</Filter>
    </ClInclude>
    <ClInclude Include="ClassInfo.h">
      <Filter>Header Files\SemanticAnalysis</Filter>
    </ClInclude>
    <ClInclude Include="IndexedMap.h">
      <Filter>Header Files</Filter>
    </ClInclude>
    <ClInclude Include="SemanticsChecker.h">
      <Filter>Header Files\SemanticAnalysis</Filter>
    </ClInclude>
    <ClInclude Include="CodeGenerator.h">
      <Filter>Header Files\CodeGeneration</Filter>
    </ClInclude>
    <ClInclude Include="ClassFileGenerator.h">
      <Filter>Header Files\CodeGeneration</Filter>
    </ClInclude>
    <ClInclude Include="AssignmentNode.h">
      <Filter>Header Files\AST</Filter>
    </ClInclude>
    <ClInclude Include="IfNode.h">
      <Filter>Header Files\AST</Filter>
    </ClInclude>
    <ClInclude Include="WhileNode.h">
      <Filter>Header Files\AST</Filter>
    </ClInclude>
    <ClInclude Include="BlockNode.h">
      <Filter>Header Files\AST</Filter>
    </ClInclude>
    <ClInclude Include="BlockInfo.h">
      <Filter>Header Files\SemanticAnalysis</Filter>
    </ClInclude>
    <ClInclude Include="MemberInfo.h">
      <Filter>Header Files\SemanticAnalysis</Filter>
    </ClInclude>
    <ClInclude Include="MemberDeclarationNode.h">
      <Filter>Header Files\AST</Filter>
    </ClInclude>
    <ClInclude Include="MethodParameterInfo.h">
      <Filter>Header Files\SemanticAnalysis</Filter>
    </ClInclude>
    <ClInclude Include="MethodInfo.h">
      <Filter>Header Files\SemanticAnalysis</Filter>
    </ClInclude>
    <ClInclude Include="ByteCodeGenerator.h">
      <Filter>Header Files\CodeGeneration</Filter>
    </ClInclude>
    <ClInclude Include="BinaryWriter.h">
      <Filter>Header Files\CodeGeneration</Filter>
    </ClInclude>
    <ClInclude Include="VariableInfo.h">
      <Filter>Header Files\SemanticAnalysis</Filter>
    </ClInclude>
    <ClInclude Include="FloatConstantNode.h">
      <Filter>Header Files\AST</Filter>
    </ClInclude>
    <ClInclude Include="DescriptorDictionary.h">
      <Filter>Header Files\SemanticAnalysis</Filter>
    </ClInclude>
    <ClInclude Include="DescriptorInfo.h">
      <Filter>Header Files\SemanticAnalysis</Filter>
    </ClInclude>
    <ClInclude Include="StringConstant.h">
      <Filter>Header Files\SemanticAnalysis</Filter>
    </ClInclude>
    <ClInclude Include="MethodParameterNode.h">
      <Filter>Header Files\AST</Filter>
    </ClInclude>
    <ClInclude Include="IdentifierNode.h">
      <Filter>Header Files\AST</Filter>
    </ClInclude>
    <ClInclude Include="ThisNode.h">
      <Filter>Header Files\AST</Filter>
    </ClInclude>
    <ClInclude Include="LValueNode.h">
      <Filter>Header Files\AST</Filter>
    </ClInclude>
    <ClInclude Include="PropertyDefinitionNode.h">
      <Filter>Header Files\AST</Filter>
    </ClInclude>
    <ClInclude Include="ExpressionInfo.h">
      <Filter>Header Files\SemanticAnalysis</Filter>
    </ClInclude>
    <ClInclude Include="SemanticException.h">
      <Filter>Header Files</Filter>
    </ClInclude>
    <ClInclude Include="BeerlangCompiler.h">
      <Filter>Header Files</Filter>
    </ClInclude>
    <ClInclude Include="LexicalException.h">
      <Filter>Header Files</Filter>
    </ClInclude>
    <ClInclude Include="ClassListBuilder.h">
      <Filter>Header Files\SemanticAnalysis</Filter>
    </ClInclude>
    <ClInclude Include="ClassStructureBuilder.h">
      <Filter>Header Files\SemanticAnalysis</Filter>
    </ClInclude>
  </ItemGroup>
  <ItemGroup>
    <ClCompile Include="main.cpp">
      <Filter>Source Files</Filter>
    </ClCompile>
    <ClCompile Include="beerlang.tab.cpp">
      <Filter>Source Files</Filter>
    </ClCompile>
    <ClCompile Include="lex.yy.cpp">
      <Filter>Source Files</Filter>
    </ClCompile>
    <ClCompile Include="stdafx.cpp">
      <Filter>Source Files</Filter>
    </ClCompile>
    <ClCompile Include="NodeVisitor.cpp">
      <Filter>Source Files\AST</Filter>
    </ClCompile>
    <ClCompile Include="PrinterVisitor.cpp">
      <Filter>Source Files\AST</Filter>
    </ClCompile>
    <ClCompile Include="BooleanConstantNode.cpp">
      <Filter>Source Files\AST</Filter>
    </ClCompile>
    <ClCompile Include="IntegerConstantNode.cpp">
      <Filter>Source Files\AST</Filter>
    </ClCompile>
    <ClCompile Include="VariableDeclarationNode.cpp">
      <Filter>Source Files\AST</Filter>
    </ClCompile>
    <ClCompile Include="VariableDefinitionNode.cpp">
      <Filter>Source Files\AST</Filter>
    </ClCompile>
    <ClCompile Include="CharacterConstantNode.cpp">
      <Filter>Source Files\AST</Filter>
    </ClCompile>
    <ClCompile Include="StringConstantNode.cpp">
      <Filter>Source Files\AST</Filter>
    </ClCompile>
    <ClCompile Include="ClassDefinitionNode.cpp">
      <Filter>Source Files\AST</Filter>
    </ClCompile>
    <ClCompile Include="DataSectionNode.cpp">
      <Filter>Source Files\AST</Filter>
    </ClCompile>
    <ClCompile Include="EventsSectionNode.cpp">
      <Filter>Source Files\AST</Filter>
    </ClCompile>
    <ClCompile Include="ProtectedSectionNode.cpp">
      <Filter>Source Files\AST</Filter>
    </ClCompile>
    <ClCompile Include="InterfaceSectionNode.cpp">
      <Filter>Source Files\AST</Filter>
    </ClCompile>
    <ClCompile Include="MethodDefinitionNode.cpp">
      <Filter>Source Files\AST</Filter>
    </ClCompile>
    <ClCompile Include="MethodCallNode.cpp">
      <Filter>Source Files\AST</Filter>
    </ClCompile>
    <ClCompile Include="IdentifierNode.cpp">
      <Filter>Source Files\AST</Filter>
    </ClCompile>
    <ClCompile Include="PropertyCallNode.cpp">
      <Filter>Source Files\AST</Filter>
    </ClCompile>
    <ClCompile Include="ConstructorCallNode.cpp">
      <Filter>Source Files\AST</Filter>
    </ClCompile>
    <ClCompile Include="ReturnNode.cpp">
      <Filter>Source Files\AST</Filter>
    </ClCompile>
    <ClCompile Include="ProgramNode.cpp">
      <Filter>Source Files\AST</Filter>
    </ClCompile>
    <ClCompile Include="Output.cpp">
      <Filter>Source Files</Filter>
    </ClCompile>
    <ClCompile Include="ClassInfo.cpp">
      <Filter>Source Files\SemanticAnalysis</Filter>
    </ClCompile>
    <ClCompile Include="ProgramInfo.cpp">
      <Filter>Source Files\SemanticAnalysis</Filter>
    </ClCompile>
    <ClCompile Include="SemanticsChecker.cpp">
      <Filter>Source Files\SemanticAnalysis</Filter>
    </ClCompile>
    <ClCompile Include="SemanticAnalyser.cpp">
      <Filter>Source Files\SemanticAnalysis</Filter>
    </ClCompile>
    <ClCompile Include="ClassFileGenerator.cpp">
      <Filter>Source Files\CodeGeneration</Filter>
    </ClCompile>
    <ClCompile Include="IfNode.cpp">
      <Filter>Source Files\AST</Filter>
    </ClCompile>
    <ClCompile Include="WhileNode.cpp">
      <Filter>Source Files\AST</Filter>
    </ClCompile>
    <ClCompile Include="BlockNode.cpp">
      <Filter>Source Files\AST</Filter>
    </ClCompile>
    <ClCompile Include="BlockInfo.cpp">
      <Filter>Source Files\SemanticAnalysis</Filter>
    </ClCompile>
    <ClCompile Include="CodeGenerator.cpp">
      <Filter>Source Files\CodeGeneration</Filter>
    </ClCompile>
    <ClCompile Include="MemberDeclarationNode.cpp">
      <Filter>Source Files\AST</Filter>
    </ClCompile>
    <ClCompile Include="MethodInfo.cpp">
      <Filter>Source Files\SemanticAnalysis</Filter>
    </ClCompile>
    <ClCompile Include="BinaryWriter.cpp">
      <Filter>Source Files\CodeGeneration</Filter>
    </ClCompile>
    <ClCompile Include="ByteCodeGenerator.cpp">
      <Filter>Source Files\CodeGeneration</Filter>
    </ClCompile>
    <ClCompile Include="FloatConstantNode.cpp">
      <Filter>Source Files\AST</Filter>
    </ClCompile>
    <ClCompile Include="DescriptorDictionary.cpp">
      <Filter>Source Files\SemanticAnalysis</Filter>
    </ClCompile>
    <ClCompile Include="MethodParameterNode.cpp">
      <Filter>Source Files\AST</Filter>
    </ClCompile>
    <ClCompile Include="AssignmentNode.cpp">
      <Filter>Source Files\AST</Filter>
    </ClCompile>
    <ClCompile Include="ThisNode.cpp">
      <Filter>Source Files\AST</Filter>
    </ClCompile>
    <ClCompile Include="PropertyDefinitionNode.cpp">
      <Filter>Source Files\AST</Filter>
    </ClCompile>
    <ClCompile Include="BeerlangCompiler.cpp">
      <Filter>Source Files</Filter>
    </ClCompile>
    <ClCompile Include="ClassListBuilder.cpp">
      <Filter>Source Files\SemanticAnalysis</Filter>
    </ClCompile>
    <ClCompile Include="ClassStructureBuilder.cpp">
      <Filter>Source Files\SemanticAnalysis</Filter>
    </ClCompile>
  </ItemGroup>
</Project>